
Microsoft Visual Studio Solution File, Format Version 12.00
# Visual Studio 14
VisualStudioVersion = 14.0.25420.1
MinimumVisualStudioVersion = 10.0.40219.1
Project("{FAE04EC0-301F-11D3-BF4B-00C04F79EFBC}") = "Sender", "Sender\Sender.csproj", "{0AF9AC3E-633A-4012-9BCA-16763C786F1E}"
EndProject
Project("{FAE04EC0-301F-11D3-BF4B-00C04F79EFBC}") = "Receiver", "Receiver\Receiver.csproj", "{6F7DECD0-572A-4DB7-B6C2-F966BF57CFC8}"
EndProject
Project("{FAE04EC0-301F-11D3-BF4B-00C04F79EFBC}") = "Entities", "Entities\Entities.csproj", "{EE41A665-F564-4805-982D-11188C06B3CD}"
EndProject
Global
	GlobalSection(SolutionConfigurationPlatforms) = preSolution
		Debug|Any CPU = Debug|Any CPU
		Release|Any CPU = Release|Any CPU
	EndGlobalSection
	GlobalSection(ProjectConfigurationPlatforms) = postSolution
		{0AF9AC3E-633A-4012-9BCA-16763C786F1E}.Debug|Any CPU.ActiveCfg = Debug|Any CPU
		{0AF9AC3E-633A-4012-9BCA-16763C786F1E}.Debug|Any CPU.Build.0 = Debug|Any CPU
		{0AF9AC3E-633A-4012-9BCA-16763C786F1E}.Release|Any CPU.ActiveCfg = Release|Any CPU
		{0AF9AC3E-633A-4012-9BCA-16763C786F1E}.Release|Any CPU.Build.0 = Release|Any CPU
		{6F7DECD0-572A-4DB7-B6C2-F966BF57CFC8}.Debug|Any CPU.ActiveCfg = Debug|Any CPU
		{6F7DECD0-572A-4DB7-B6C2-F966BF57CFC8}.Debug|Any CPU.Build.0 = Debug|Any CPU
		{6F7DECD0-572A-4DB7-B6C2-F966BF57CFC8}.Release|Any CPU.ActiveCfg = Release|Any CPU
		{6F7DECD0-572A-4DB7-B6C2-F966BF57CFC8}.Release|Any CPU.Build.0 = Release|Any CPU
		{EE41A665-F564-4805-982D-11188C06B3CD}.Debug|Any CPU.ActiveCfg = Debug|Any CPU
		{EE41A665-F564-4805-982D-11188C06B3CD}.Debug|Any CPU.Build.0 = Debug|Any CPU
		{EE41A665-F564-4805-982D-11188C06B3CD}.Release|Any CPU.ActiveCfg = Release|Any CPU
		{EE41A665-F564-4805-982D-11188C06B3CD}.Release|Any CPU.Build.0 = Release|Any CPU
	EndGlobalSection
	GlobalSection(SolutionProperties) = preSolution
		HideSolutionNode = FALSE
	EndGlobalSection
EndGlobal
